{
  "pins" : [
    {
      "identity" : "viewstatecontroller",
      "kind" : "remoteSourceControl",
      "location" : "https://github.com/mdb1/ViewStateController",
      "state" : {
        "revision" : "639af492464a89e1b09810f658c0b6b1a97a2668",
        "version" : "0.1.0"
      }
    }
  ],
  "version" : 2
}
