{
  "pins" : [
    {
      "identity" : "viewstatecontroller",
      "kind" : "remoteSourceControl",
      "location" : "https://github.com/mdb1/ViewStateController",
      "state" : {
        "revision" : "80a89b18180e1f9d1d7343644818b771706bb6dc",
        "version" : "0.0.3"
      }
    }
  ],
  "version" : 2
}
