{
  "pins" : [
    {
      "identity" : "viewstatecontroller",
      "kind" : "remoteSourceControl",
      "location" : "https://github.com/mdb1/ViewStateController",
      "state" : {
        "revision" : "3ec0217c5a69ca2e5316cad37cbd17c45d545222",
        "version" : "0.0.4"
      }
    }
  ],
  "version" : 2
}
